// !$*UTF8*$!
{
	archiveVersion = 1;
	classes = {
	};
	objectVersion = 51;
	objects = {

/* Begin PBXBuildFile section */
		8903A313E56EE46C0B951882 /* Pods_RxCountries.framework in Frameworks */ = {isa = PBXBuildFile; fileRef = 0E3AFC25F15D66AA6FD7E9E3 /* Pods_RxCountries.framework */; };
		C8ADA1542481433300BA9C76 /* Country.swift in Sources */ = {isa = PBXBuildFile; fileRef = C8ADA1532481433300BA9C76 /* Country.swift */; };
		C8ADA15624814BA500BA9C76 /* CountryCell.swift in Sources */ = {isa = PBXBuildFile; fileRef = C8ADA15524814BA500BA9C76 /* CountryCell.swift */; };
		C8FB93722480B9FC001528F2 /* AppDelegate.swift in Sources */ = {isa = PBXBuildFile; fileRef = C8FB93712480B9FB001528F2 /* AppDelegate.swift */; };
		C8FB93742480B9FC001528F2 /* SceneDelegate.swift in Sources */ = {isa = PBXBuildFile; fileRef = C8FB93732480B9FC001528F2 /* SceneDelegate.swift */; };
		C8FB93762480B9FC001528F2 /* ViewController.swift in Sources */ = {isa = PBXBuildFile; fileRef = C8FB93752480B9FC001528F2 /* ViewController.swift */; };
		C8FB93792480B9FC001528F2 /* Main.storyboard in Resources */ = {isa = PBXBuildFile; fileRef = C8FB93772480B9FC001528F2 /* Main.storyboard */; };
		C8FB937B2480B9FD001528F2 /* Assets.xcassets in Resources */ = {isa = PBXBuildFile; fileRef = C8FB937A2480B9FD001528F2 /* Assets.xcassets */; };
		C8FB937E2480B9FD001528F2 /* LaunchScreen.storyboard in Resources */ = {isa = PBXBuildFile; fileRef = C8FB937C2480B9FD001528F2 /* LaunchScreen.storyboard */; };
		C8FB938A2480BB77001528F2 /* Countries.plist in Resources */ = {isa = PBXBuildFile; fileRef = C8FB93892480BB77001528F2 /* Countries.plist */; };
/* End PBXBuildFile section */

/* Begin PBXFileReference section */
		0E3AFC25F15D66AA6FD7E9E3 /* Pods_RxCountries.framework */ = {isa = PBXFileReference; explicitFileType = wrapper.framework; includeInIndex = 0; path = Pods_RxCountries.framework; sourceTree = BUILT_PRODUCTS_DIR; };
		407CB7AA5B5822A2EC8D7A5E /* Pods-RxCountries.release.xcconfig */ = {isa = PBXFileReference; includeInIndex = 1; lastKnownFileType = text.xcconfig; name = "Pods-RxCountries.release.xcconfig"; path = "Target Support Files/Pods-RxCountries/Pods-RxCountries.release.xcconfig"; sourceTree = "<group>"; };
		C8ADA1532481433300BA9C76 /* Country.swift */ = {isa = PBXFileReference; lastKnownFileType = sourcecode.swift; path = Country.swift; sourceTree = "<group>"; };
		C8ADA15524814BA500BA9C76 /* CountryCell.swift */ = {isa = PBXFileReference; lastKnownFileType = sourcecode.swift; path = CountryCell.swift; sourceTree = "<group>"; };
		C8FB936E2480B9FB001528F2 /* RxCountries.app */ = {isa = PBXFileReference; explicitFileType = wrapper.application; includeInIndex = 0; path = RxCountries.app; sourceTree = BUILT_PRODUCTS_DIR; };
		C8FB93712480B9FB001528F2 /* AppDelegate.swift */ = {isa = PBXFileReference; lastKnownFileType = sourcecode.swift; path = AppDelegate.swift; sourceTree = "<group>"; };
		C8FB93732480B9FC001528F2 /* SceneDelegate.swift */ = {isa = PBXFileReference; lastKnownFileType = sourcecode.swift; path = SceneDelegate.swift; sourceTree = "<group>"; };
		C8FB93752480B9FC001528F2 /* ViewController.swift */ = {isa = PBXFileReference; lastKnownFileType = sourcecode.swift; path = ViewController.swift; sourceTree = "<group>"; };
		C8FB93782480B9FC001528F2 /* Base */ = {isa = PBXFileReference; lastKnownFileType = file.storyboard; name = Base; path = Base.lproj/Main.storyboard; sourceTree = "<group>"; };
		C8FB937A2480B9FD001528F2 /* Assets.xcassets */ = {isa = PBXFileReference; lastKnownFileType = folder.assetcatalog; path = Assets.xcassets; sourceTree = "<group>"; };
		C8FB937D2480B9FD001528F2 /* Base */ = {isa = PBXFileReference; lastKnownFileType = file.storyboard; name = Base; path = Base.lproj/LaunchScreen.storyboard; sourceTree = "<group>"; };
		C8FB937F2480B9FD001528F2 /* Info.plist */ = {isa = PBXFileReference; lastKnownFileType = text.plist.xml; path = Info.plist; sourceTree = "<group>"; };
		C8FB93892480BB77001528F2 /* Countries.plist */ = {isa = PBXFileReference; lastKnownFileType = text.plist; path = Countries.plist; sourceTree = SOURCE_ROOT; };
		D5364B061B0E6C774B0BE2A4 /* Pods-RxCountries.debug.xcconfig */ = {isa = PBXFileReference; includeInIndex = 1; lastKnownFileType = text.xcconfig; name = "Pods-RxCountries.debug.xcconfig"; path = "Target Support Files/Pods-RxCountries/Pods-RxCountries.debug.xcconfig"; sourceTree = "<group>"; };
/* End PBXFileReference section */

/* Begin PBXFrameworksBuildPhase section */
		C8FB936B2480B9FB001528F2 /* Frameworks */ = {
			isa = PBXFrameworksBuildPhase;
			buildActionMask = 2147483647;
			files = (
				8903A313E56EE46C0B951882 /* Pods_RxCountries.framework in Frameworks */,
			);
			runOnlyForDeploymentPostprocessing = 0;
		};
/* End PBXFrameworksBuildPhase section */

/* Begin PBXGroup section */
		0B283E19A5BFBBBC79E5A311 /* Frameworks */ = {
			isa = PBXGroup;
			children = (
				0E3AFC25F15D66AA6FD7E9E3 /* Pods_RxCountries.framework */,
			);
			name = Frameworks;
			sourceTree = "<group>";
		};
		3B04F81FB56E481A56956659 /* Pods */ = {
			isa = PBXGroup;
			children = (
				D5364B061B0E6C774B0BE2A4 /* Pods-RxCountries.debug.xcconfig */,
				407CB7AA5B5822A2EC8D7A5E /* Pods-RxCountries.release.xcconfig */,
			);
			path = Pods;
			sourceTree = "<group>";
		};
		C8FB93652480B9FB001528F2 = {
			isa = PBXGroup;
			children = (
				C8FB93702480B9FB001528F2 /* RxCountries */,
				C8FB936F2480B9FB001528F2 /* Products */,
				3B04F81FB56E481A56956659 /* Pods */,
				0B283E19A5BFBBBC79E5A311 /* Frameworks */,
			);
			sourceTree = "<group>";
		};
		C8FB936F2480B9FB001528F2 /* Products */ = {
			isa = PBXGroup;
			children = (
				C8FB936E2480B9FB001528F2 /* RxCountries.app */,
			);
			name = Products;
			sourceTree = "<group>";
		};
		C8FB93702480B9FB001528F2 /* RxCountries */ = {
			isa = PBXGroup;
			children = (
				C8FB93712480B9FB001528F2 /* AppDelegate.swift */,
				C8FB93732480B9FC001528F2 /* SceneDelegate.swift */,
				C8FB93752480B9FC001528F2 /* ViewController.swift */,
				C8ADA15524814BA500BA9C76 /* CountryCell.swift */,
				C8ADA1532481433300BA9C76 /* Country.swift */,
				C8FB93772480B9FC001528F2 /* Main.storyboard */,
				C8FB937A2480B9FD001528F2 /* Assets.xcassets */,
				C8FB937C2480B9FD001528F2 /* LaunchScreen.storyboard */,
				C8FB937F2480B9FD001528F2 /* Info.plist */,
				C8FB93892480BB77001528F2 /* Countries.plist */,
			);
			path = RxCountries;
			sourceTree = "<group>";
		};
/* End PBXGroup section */

/* Begin PBXNativeTarget section */
		C8FB936D2480B9FB001528F2 /* RxCountries */ = {
			isa = PBXNativeTarget;
			buildConfigurationList = C8FB93822480B9FD001528F2 /* Build configuration list for PBXNativeTarget "RxCountries" */;
			buildPhases = (
				B94D0499A9668213587352BB /* [CP] Check Pods Manifest.lock */,
				C8FB936A2480B9FB001528F2 /* Sources */,
				C8FB936B2480B9FB001528F2 /* Frameworks */,
				C8FB936C2480B9FB001528F2 /* Resources */,
				AFC9A79F3A084F0C1F032E23 /* [CP] Embed Pods Frameworks */,
			);
			buildRules = (
			);
			dependencies = (
			);
			name = RxCountries;
			productName = RxCountries;
			productReference = C8FB936E2480B9FB001528F2 /* RxCountries.app */;
			productType = "com.apple.product-type.application";
		};
/* End PBXNativeTarget section */

/* Begin PBXProject section */
		C8FB93662480B9FB001528F2 /* Project object */ = {
			isa = PBXProject;
			attributes = {
				LastSwiftUpdateCheck = 1130;
				LastUpgradeCheck = 1130;
				ORGANIZATIONNAME = iti;
				TargetAttributes = {
					C8FB936D2480B9FB001528F2 = {
						CreatedOnToolsVersion = 11.3;
					};
				};
			};
			buildConfigurationList = C8FB93692480B9FB001528F2 /* Build configuration list for PBXProject "RxCountries" */;
			compatibilityVersion = "Xcode 9.3";
			developmentRegion = en;
			hasScannedForEncodings = 0;
			knownRegions = (
				en,
				Base,
			);
			mainGroup = C8FB93652480B9FB001528F2;
			productRefGroup = C8FB936F2480B9FB001528F2 /* Products */;
			projectDirPath = "";
			projectRoot = "";
			targets = (
				C8FB936D2480B9FB001528F2 /* RxCountries */,
			);
		};
/* End PBXProject section */

/* Begin PBXResourcesBuildPhase section */
		C8FB936C2480B9FB001528F2 /* Resources */ = {
			isa = PBXResourcesBuildPhase;
			buildActionMask = 2147483647;
			files = (
				C8FB937E2480B9FD001528F2 /* LaunchScreen.storyboard in Resources */,
				C8FB938A2480BB77001528F2 /* Countries.plist in Resources */,
				C8FB937B2480B9FD001528F2 /* Assets.xcassets in Resources */,
				C8FB93792480B9FC001528F2 /* Main.storyboard in Resources */,
			);
			runOnlyForDeploymentPostprocessing = 0;
		};
/* End PBXResourcesBuildPhase section */

/* Begin PBXShellScriptBuildPhase section */
		AFC9A79F3A084F0C1F032E23 /* [CP] Embed Pods Frameworks */ = {
			isa = PBXShellScriptBuildPhase;
			buildActionMask = 2147483647;
			files = (
			);
			inputFileListPaths = (
				"${PODS_ROOT}/Target Support Files/Pods-RxCountries/Pods-RxCountries-frameworks-${CONFIGURATION}-input-files.xcfilelist",
			);
			name = "[CP] Embed Pods Frameworks";
			outputFileListPaths = (
				"${PODS_ROOT}/Target Support Files/Pods-RxCountries/Pods-RxCountries-frameworks-${CONFIGURATION}-output-files.xcfilelist",
			);
			runOnlyForDeploymentPostprocessing = 0;
			shellPath = /bin/sh;
			shellScript = "\"${PODS_ROOT}/Target Support Files/Pods-RxCountries/Pods-RxCountries-frameworks.sh\"\n";
			showEnvVarsInLog = 0;
		};
		B94D0499A9668213587352BB /* [CP] Check Pods Manifest.lock */ = {
			isa = PBXShellScriptBuildPhase;
			buildActionMask = 2147483647;
			files = (
			);
			inputFileListPaths = (
			);
			inputPaths = (
				"${PODS_PODFILE_DIR_PATH}/Podfile.lock",
				"${PODS_ROOT}/Manifest.lock",
			);
			name = "[CP] Check Pods Manifest.lock";
			outputFileListPaths = (
			);
			outputPaths = (
				"$(DERIVED_FILE_DIR)/Pods-RxCountries-checkManifestLockResult.txt",
			);
			runOnlyForDeploymentPostprocessing = 0;
			shellPath = /bin/sh;
			shellScript = "diff \"${PODS_PODFILE_DIR_PATH}/Podfile.lock\" \"${PODS_ROOT}/Manifest.lock\" > /dev/null\nif [ $? != 0 ] ; then\n    # print error to STDERR\n    echo \"error: The sandbox is not in sync with the Podfile.lock. Run 'pod install' or update your CocoaPods installation.\" >&2\n    exit 1\nfi\n# This output is used by Xcode 'outputs' to avoid re-running this script phase.\necho \"SUCCESS\" > \"${SCRIPT_OUTPUT_FILE_0}\"\n";
			showEnvVarsInLog = 0;
		};
/* End PBXShellScriptBuildPhase section */

/* Begin PBXSourcesBuildPhase section */
		C8FB936A2480B9FB001528F2 /* Sources */ = {
			isa = PBXSourcesBuildPhase;
			buildActionMask = 2147483647;
			files = (
				C8FB93762480B9FC001528F2 /* ViewController.swift in Sources */,
				C8FB93722480B9FC001528F2 /* AppDelegate.swift in Sources */,
				C8ADA15624814BA500BA9C76 /* CountryCell.swift in Sources */,
				C8ADA1542481433300BA9C76 /* Country.swift in Sources */,
				C8FB93742480B9FC001528F2 /* SceneDelegate.swift in Sources */,
			);
			runOnlyForDeploymentPostprocessing = 0;
		};
/* End PBXSourcesBuildPhase section */

/* Begin PBXVariantGroup section */
		C8FB93772480B9FC001528F2 /* Main.storyboard */ = {
			isa = PBXVariantGroup;
			children = (
				C8FB93782480B9FC001528F2 /* Base */,
			);
			name = Main.storyboard;
			sourceTree = "<group>";
		};
		C8FB937C2480B9FD001528F2 /* LaunchScreen.storyboard */ = {
			isa = PBXVariantGroup;
			children = (
				C8FB937D2480B9FD001528F2 /* Base */,
			);
			name = LaunchScreen.storyboard;
			sourceTree = "<group>";
		};
/* End PBXVariantGroup section */

/* Begin XCBuildConfiguration section */
		C8FB93802480B9FD001528F2 /* Debug */ = {
			isa = XCBuildConfiguration;
			buildSettings = {
				ALWAYS_SEARCH_USER_PATHS = NO;
				CLANG_ANALYZER_NONNULL = YES;
				CLANG_ANALYZER_NUMBER_OBJECT_CONVERSION = YES_AGGRESSIVE;
				CLANG_CXX_LANGUAGE_STANDARD = "gnu++14";
				CLANG_CXX_LIBRARY = "libc++";
				CLANG_ENABLE_MODULES = YES;
				CLANG_ENABLE_OBJC_ARC = YES;
				CLANG_ENABLE_OBJC_WEAK = YES;
				CLANG_WARN_BLOCK_CAPTURE_AUTORELEASING = YES;
				CLANG_WARN_BOOL_CONVERSION = YES;
				CLANG_WARN_COMMA = YES;
				CLANG_WARN_CONSTANT_CONVERSION = YES;
				CLANG_WARN_DEPRECATED_OBJC_IMPLEMENTATIONS = YES;
				CLANG_WARN_DIRECT_OBJC_ISA_USAGE = YES_ERROR;
				CLANG_WARN_DOCUMENTATION_COMMENTS = YES;
				CLANG_WARN_EMPTY_BODY = YES;
				CLANG_WARN_ENUM_CONVERSION = YES;
				CLANG_WARN_INFINITE_RECURSION = YES;
				CLANG_WARN_INT_CONVERSION = YES;
				CLANG_WARN_NON_LITERAL_NULL_CONVERSION = YES;
				CLANG_WARN_OBJC_IMPLICIT_RETAIN_SELF = YES;
				CLANG_WARN_OBJC_LITERAL_CONVERSION = YES;
				CLANG_WARN_OBJC_ROOT_CLASS = YES_ERROR;
				CLANG_WARN_RANGE_LOOP_ANALYSIS = YES;
				CLANG_WARN_STRICT_PROTOTYPES = YES;
				CLANG_WARN_SUSPICIOUS_MOVE = YES;
				CLANG_WARN_UNGUARDED_AVAILABILITY = YES_AGGRESSIVE;
				CLANG_WARN_UNREACHABLE_CODE = YES;
				CLANG_WARN__DUPLICATE_METHOD_MATCH = YES;
				COPY_PHASE_STRIP = NO;
				DEBUG_INFORMATION_FORMAT = dwarf;
				ENABLE_STRICT_OBJC_MSGSEND = YES;
				ENABLE_TESTABILITY = YES;
				GCC_C_LANGUAGE_STANDARD = gnu11;
				GCC_DYNAMIC_NO_PIC = NO;
				GCC_NO_COMMON_BLOCKS = YES;
				GCC_OPTIMIZATION_LEVEL = 0;
				GCC_PREPROCESSOR_DEFINITIONS = (
					"DEBUG=1",
					"$(inherited)",
				);
				GCC_WARN_64_TO_32_BIT_CONVERSION = YES;
				GCC_WARN_ABOUT_RETURN_TYPE = YES_ERROR;
				GCC_WARN_UNDECLARED_SELECTOR = YES;
				GCC_WARN_UNINITIALIZED_AUTOS = YES_AGGRESSIVE;
				GCC_WARN_UNUSED_FUNCTION = YES;
				GCC_WARN_UNUSED_VARIABLE = YES;
				IPHONEOS_DEPLOYMENT_TARGET = 13.2;
				MTL_ENABLE_DEBUG_INFO = INCLUDE_SOURCE;
				MTL_FAST_MATH = YES;
				ONLY_ACTIVE_ARCH = YES;
				SDKROOT = iphoneos;
				SWIFT_ACTIVE_COMPILATION_CONDITIONS = DEBUG;
				SWIFT_OPTIMIZATION_LEVEL = "-Onone";
			};
			name = Debug;
		};
		C8FB93812480B9FD001528F2 /* Release */ = {
			isa = XCBuildConfiguration;
			buildSettings = {
				ALWAYS_SEARCH_USER_PATHS = NO;
				CLANG_ANALYZER_NONNULL = YES;
				CLANG_ANALYZER_NUMBER_OBJECT_CONVERSION = YES_AGGRESSIVE;
				CLANG_CXX_LANGUAGE_STANDARD = "gnu++14";
				CLANG_CXX_LIBRARY = "libc++";
				CLANG_ENABLE_MODULES = YES;
				CLANG_ENABLE_OBJC_ARC = YES;
				CLANG_ENABLE_OBJC_WEAK = YES;
				CLANG_WARN_BLOCK_CAPTURE_AUTORELEASING = YES;
				CLANG_WARN_BOOL_CONVERSION = YES;
				CLANG_WARN_COMMA = YES;
				CLANG_WARN_CONSTANT_CONVERSION = YES;
				CLANG_WARN_DEPRECATED_OBJC_IMPLEMENTATIONS = YES;
				CLANG_WARN_DIRECT_OBJC_ISA_USAGE = YES_ERROR;
				CLANG_WARN_DOCUMENTATION_COMMENTS = YES;
				CLANG_WARN_EMPTY_BODY = YES;
				CLANG_WARN_ENUM_CONVERSION = YES;
				CLANG_WARN_INFINITE_RECURSION = YES;
				CLANG_WARN_INT_CONVERSION = YES;
				CLANG_WARN_NON_LITERAL_NULL_CONVERSION = YES;
				CLANG_WARN_OBJC_IMPLICIT_RETAIN_SELF = YES;
				CLANG_WARN_OBJC_LITERAL_CONVERSION = YES;
				CLANG_WARN_OBJC_ROOT_CLASS = YES_ERROR;
				CLANG_WARN_RANGE_LOOP_ANALYSIS = YES;
				CLANG_WARN_STRICT_PROTOTYPES = YES;
				CLANG_WARN_SUSPICIOUS_MOVE = YES;
				CLANG_WARN_UNGUARDED_AVAILABILITY = YES_AGGRESSIVE;
				CLANG_WARN_UNREACHABLE_CODE = YES;
				CLANG_WARN__DUPLICATE_METHOD_MATCH = YES;
				COPY_PHASE_STRIP = NO;
				DEBUG_INFORMATION_FORMAT = "dwarf-with-dsym";
				ENABLE_NS_ASSERTIONS = NO;
				ENABLE_STRICT_OBJC_MSGSEND = YES;
				GCC_C_LANGUAGE_STANDARD = gnu11;
				GCC_NO_COMMON_BLOCKS = YES;
				GCC_WARN_64_TO_32_BIT_CONVERSION = YES;
				GCC_WARN_ABOUT_RETURN_TYPE = YES_ERROR;
				GCC_WARN_UNDECLARED_SELECTOR = YES;
				GCC_WARN_UNINITIALIZED_AUTOS = YES_AGGRESSIVE;
				GCC_WARN_UNUSED_FUNCTION = YES;
				GCC_WARN_UNUSED_VARIABLE = YES;
				IPHONEOS_DEPLOYMENT_TARGET = 13.2;
				MTL_ENABLE_DEBUG_INFO = NO;
				MTL_FAST_MATH = YES;
				SDKROOT = iphoneos;
				SWIFT_COMPILATION_MODE = wholemodule;
				SWIFT_OPTIMIZATION_LEVEL = "-O";
				VALIDATE_PRODUCT = YES;
			};
			name = Release;
		};
		C8FB93832480B9FD001528F2 /* Debug */ = {
			isa = XCBuildConfiguration;
			baseConfigurationReference = D5364B061B0E6C774B0BE2A4 /* Pods-RxCountries.debug.xcconfig */;
			buildSettings = {
				ASSETCATALOG_COMPILER_APPICON_NAME = AppIcon;
				CODE_SIGN_STYLE = Automatic;
				INFOPLIST_FILE = RxCountries/Info.plist;
				LD_RUNPATH_SEARCH_PATHS = (
					"$(inherited)",
					"@executable_path/Frameworks",
				);
				PRODUCT_BUNDLE_IDENTIFIER = com.iti.RxCountries;
				PRODUCT_NAME = "$(TARGET_NAME)";
				SWIFT_VERSION = 5.0;
				TARGETED_DEVICE_FAMILY = "1,2";
			};
			name = Debug;
		};
		C8FB93842480B9FD001528F2 /* Release */ = {
			isa = XCBuildConfiguration;
			baseConfigurationReference = 407CB7AA5B5822A2EC8D7A5E /* Pods-RxCountries.release.xcconfig */;
			buildSettings = {
				ASSETCATALOG_COMPILER_APPICON_NAME = AppIcon;
				CODE_SIGN_STYLE = Automatic;
				INFOPLIST_FILE = RxCountries/Info.plist;
				LD_RUNPATH_SEARCH_PATHS = (
					"$(inherited)",
					"@executable_path/Frameworks",
				);
				PRODUCT_BUNDLE_IDENTIFIER = com.iti.RxCountries;
				PRODUCT_NAME = "$(TARGET_NAME)";
				SWIFT_VERSION = 5.0;
				TARGETED_DEVICE_FAMILY = "1,2";
			};
			name = Release;
		};
/* End XCBuildConfiguration section */

/* Begin XCConfigurationList section */
		C8FB93692480B9FB001528F2 /* Build configuration list for PBXProject "RxCountries" */ = {
			isa = XCConfigurationList;
			buildConfigurations = (
				C8FB93802480B9FD001528F2 /* Debug */,
				C8FB93812480B9FD001528F2 /* Release */,
			);
			defaultConfigurationIsVisible = 0;
			defaultConfigurationName = Release;
		};
		C8FB93822480B9FD001528F2 /* Build configuration list for PBXNativeTarget "RxCountries" */ = {
			isa = XCConfigurationList;
			buildConfigurations = (
				C8FB93832480B9FD001528F2 /* Debug */,
				C8FB93842480B9FD001528F2 /* Release */,
			);
			defaultConfigurationIsVisible = 0;
			defaultConfigurationName = Release;
		};
/* End XCConfigurationList section */
	};
	rootObject = C8FB93662480B9FB001528F2 /* Project object */;
}
